
Microsoft Visual Studio Solution File, Format Version 12.00
# Visual Studio Version 17
VisualStudioVersion = 17.7.34202.233
MinimumVisualStudioVersion = 10.0.40219.1
Project("{FAE04EC0-301F-11D3-BF4B-00C04F79EFBC}") = "ConsoleApp3", "ConsoleApp3\ConsoleApp3.csproj", "{BED72456-709A-4693-A254-07EFEFEC1BA9}"
EndProject
Global
	GlobalSection(SolutionConfigurationPlatforms) = preSolution
		Debug|Any CPU = Debug|Any CPU
		Release|Any CPU = Release|Any CPU
	EndGlobalSection
	GlobalSection(ProjectConfigurationPlatforms) = postSolution
		{BED72456-709A-4693-A254-07EFEFEC1BA9}.Debug|Any CPU.ActiveCfg = Debug|Any CPU
		{BED72456-709A-4693-A254-07EFEFEC1BA9}.Debug|Any CPU.Build.0 = Debug|Any CPU
		{BED72456-709A-4693-A254-07EFEFEC1BA9}.Release|Any CPU.ActiveCfg = Release|Any CPU
		{BED72456-709A-4693-A254-07EFEFEC1BA9}.Release|Any CPU.Build.0 = Release|Any CPU
	EndGlobalSection
	GlobalSection(SolutionProperties) = preSolution
		HideSolutionNode = FALSE
	EndGlobalSection
	GlobalSection(ExtensibilityGlobals) = postSolution
		SolutionGuid = {6BC00022-CEC4-4DD7-B6F6-A6AAD8C56063}
	EndGlobalSection
EndGlobal
